PODS:
  - Alamofire (5.4.1)
  - SideMenuSwift (2.0.7)
  - SwiftyJSON (4.3.0)

DEPENDENCIES:
  - Alamofire (~> 5.2)
  - SideMenuSwift
  - SwiftyJSON (~> 4.0)

SPEC REPOS:
  https://github.com/cocoapods/specs.git:
    - Alamofire
    - SideMenuSwift
    - SwiftyJSON

SPEC CHECKSUMS:
  Alamofire: 2291f7d21ca607c491dd17642e5d40fdcda0e65c
  SideMenuSwift: ffbbc88d23741932177ad1320df837cedfb3bc5e
  SwiftyJSON: 6faa0040f8b59dead0ee07436cbf76b73c08fd08

PODFILE CHECKSUM: 6b2058693a70eb56b244b23d95073826ee1e271d

COCOAPODS: 1.5.2
